
Microsoft Visual Studio Solution File, Format Version 12.00
# Visual Studio Version 16
VisualStudioVersion = 16.0.29920.165
MinimumVisualStudioVersion = 10.0.40219.1
Project("{FAE04EC0-301F-11D3-BF4B-00C04F79EFBC}") = "WebApiDocker02", "WebApiDocker02.csproj", "{615FD59E-6003-4410-8234-C6F865B672F6}"
EndProject
Global
	GlobalSection(SolutionConfigurationPlatforms) = preSolution
		Debug|Any CPU = Debug|Any CPU
		Release|Any CPU = Release|Any CPU
	EndGlobalSection
	GlobalSection(ProjectConfigurationPlatforms) = postSolution
		{615FD59E-6003-4410-8234-C6F865B672F6}.Debug|Any CPU.ActiveCfg = Debug|Any CPU
		{615FD59E-6003-4410-8234-C6F865B672F6}.Debug|Any CPU.Build.0 = Debug|Any CPU
		{615FD59E-6003-4410-8234-C6F865B672F6}.Release|Any CPU.ActiveCfg = Release|Any CPU
		{615FD59E-6003-4410-8234-C6F865B672F6}.Release|Any CPU.Build.0 = Release|Any CPU
	EndGlobalSection
	GlobalSection(SolutionProperties) = preSolution
		HideSolutionNode = FALSE
	EndGlobalSection
	GlobalSection(ExtensibilityGlobals) = postSolution
		SolutionGuid = {1EF6218C-D780-4712-8268-097BC178C37D}
	EndGlobalSection
EndGlobal
